schema: '2.0'
stages:
  features:
    cmd: python src/features.py
    deps:
    - path: data/processed/mp_oxides_clean.csv
      hash: md5
      md5: 6c0d68b5aba9410cd70a192babcabf8c
      size: 106546
    - path: src/data.py
      hash: md5
      md5: 54790b4113ad017578fa5c974df02abc
      size: 1707
    - path: src/features.py
      hash: md5
      md5: c710a4d4f828d1bb347683e39fbc74e7
      size: 1145
    params:
      params.yaml:
        data:
          input: data/processed/mp_oxides_clean.csv
          output_dir: data/processed
        features:
          numeric:
          - formation_energy_per_atom
          - density
          - nsites
          - energy_above_hull
          - n_elements
          - avg_electroneg
          - std_electroneg
          - range_electroneg
          - avg_atomic_number
          - total_electrons
          - spacegroup_num
          categorical:
          - crystal_system
    outs:
    - path: data/processed/features.parquet
      hash: md5
      md5: 42dbff814f4794282d0d74d28f4be306
      size: 49819
    - path: data/processed/target.parquet
      hash: md5
      md5: 85d8ad6a840f3b9638c04d825f5ab3d7
      size: 8041
  train:
    cmd: python src/train.py
    deps:
    - path: data/processed/features.parquet
      hash: md5
      md5: 42dbff814f4794282d0d74d28f4be306
      size: 49819
    - path: data/processed/target.parquet
      hash: md5
      md5: 85d8ad6a840f3b9638c04d825f5ab3d7
      size: 8041
    - path: src/config.py
      hash: md5
      md5: 0dcd0d2993c406298cf92738e3b89194
      size: 556
    - path: src/train.py
      hash: md5
      md5: e3cd8effbf1839d1f44a438ff2b2b265
      size: 5710
    params:
      params.yaml:
        features:
          numeric:
          - formation_energy_per_atom
          - density
          - nsites
          - energy_above_hull
          - n_elements
          - avg_electroneg
          - std_electroneg
          - range_electroneg
          - avg_atomic_number
          - total_electrons
          - spacegroup_num
          categorical:
          - crystal_system
        train:
          random_state: 42
          cv_folds: 5
          test_size: 0.2
          target: band_gap
          models:
            Ridge:
              alpha: 1.0
            RandomForest:
              n_estimators: 200
            GradientBoost:
              learning_rate: 0.1
              max_iter: 200
    outs:
    - path: metrics.json
      hash: md5
      md5: 7f5aa32921512cf620619393a9e12b66
      size: 595
    - path: models/model.pkl
      hash: md5
      md5: cd8f83927611732941e7a9dccd174a57
      size: 744210
  evaluate:
    cmd: python src/evaluate.py
    deps:
    - path: data/processed/features.parquet
      hash: md5
      md5: 42dbff814f4794282d0d74d28f4be306
      size: 49819
    - path: data/processed/target.parquet
      hash: md5
      md5: 85d8ad6a840f3b9638c04d825f5ab3d7
      size: 8041
    - path: models/model.pkl
      hash: md5
      md5: cd8f83927611732941e7a9dccd174a57
      size: 744210
    - path: src/evaluate.py
      hash: md5
      md5: 4181c08d19013b6e228185b0e2338384
      size: 2142
    params:
      params.yaml:
        features:
          numeric:
          - formation_energy_per_atom
          - density
          - nsites
          - energy_above_hull
          - n_elements
          - avg_electroneg
          - std_electroneg
          - range_electroneg
          - avg_atomic_number
          - total_electrons
          - spacegroup_num
          categorical:
          - crystal_system
        train:
          random_state: 42
          cv_folds: 5
          test_size: 0.2
          target: band_gap
          models:
            Ridge:
              alpha: 1.0
            RandomForest:
              n_estimators: 200
            GradientBoost:
              learning_rate: 0.1
              max_iter: 200
    outs:
    - path: data/processed/feature_importances.csv
      hash: md5
      md5: 0fbd8255939a7130f324de51f7fb383e
      size: 714
    - path: data/processed/feature_importances.png
      hash: md5
      md5: 7560931dd3cc371dfca7f6b46830d61c
      size: 67128
